// !$*UTF8*$!
{
	archiveVersion = 1;
	classes = {
	};
	objectVersion = 46;
	objects = {

/* Begin PBXBuildFile section */
		93384F991F285D58008A424A /* MemeDetailViewController.swift in Sources */ = {isa = PBXBuildFile; fileRef = 93384F981F285D58008A424A /* MemeDetailViewController.swift */; };
		9341242F1F1B050B00240CCC /* MemeTableViewController.swift in Sources */ = {isa = PBXBuildFile; fileRef = 9341242D1F1B050B00240CCC /* MemeTableViewController.swift */; };
		934124301F1B050B00240CCC /* MemeCollectionViewController.swift in Sources */ = {isa = PBXBuildFile; fileRef = 9341242E1F1B050B00240CCC /* MemeCollectionViewController.swift */; };
		934124321F1B055000240CCC /* Meme.swift in Sources */ = {isa = PBXBuildFile; fileRef = 934124311F1B055000240CCC /* Meme.swift */; };
		934124341F1B1F2F00240CCC /* MemeTableCell.swift in Sources */ = {isa = PBXBuildFile; fileRef = 934124331F1B1F2F00240CCC /* MemeTableCell.swift */; };
		934124361F1DD8A300240CCC /* MemeCollectionCell.swift in Sources */ = {isa = PBXBuildFile; fileRef = 934124351F1DD8A300240CCC /* MemeCollectionCell.swift */; };
		93F8C0931F0C9CA1002C7A90 /* AppDelegate.swift in Sources */ = {isa = PBXBuildFile; fileRef = 93F8C0921F0C9CA1002C7A90 /* AppDelegate.swift */; };
		93F8C0951F0C9CA1002C7A90 /* ViewController.swift in Sources */ = {isa = PBXBuildFile; fileRef = 93F8C0941F0C9CA1002C7A90 /* ViewController.swift */; };
		93F8C0981F0C9CA1002C7A90 /* Main.storyboard in Resources */ = {isa = PBXBuildFile; fileRef = 93F8C0961F0C9CA1002C7A90 /* Main.storyboard */; };
		93F8C09A1F0C9CA1002C7A90 /* Assets.xcassets in Resources */ = {isa = PBXBuildFile; fileRef = 93F8C0991F0C9CA1002C7A90 /* Assets.xcassets */; };
		93F8C09D1F0C9CA1002C7A90 /* LaunchScreen.storyboard in Resources */ = {isa = PBXBuildFile; fileRef = 93F8C09B1F0C9CA1002C7A90 /* LaunchScreen.storyboard */; };
		93F8C0A81F0C9CA1002C7A90 /* MemeMeTests.swift in Sources */ = {isa = PBXBuildFile; fileRef = 93F8C0A71F0C9CA1002C7A90 /* MemeMeTests.swift */; };
		93F8C0B31F0C9CA1002C7A90 /* MemeMeUITests.swift in Sources */ = {isa = PBXBuildFile; fileRef = 93F8C0B21F0C9CA1002C7A90 /* MemeMeUITests.swift */; };
/* End PBXBuildFile section */

/* Begin PBXContainerItemProxy section */
		93F8C0A41F0C9CA1002C7A90 /* PBXContainerItemProxy */ = {
			isa = PBXContainerItemProxy;
			containerPortal = 93F8C0871F0C9CA1002C7A90 /* Project object */;
			proxyType = 1;
			remoteGlobalIDString = 93F8C08E1F0C9CA1002C7A90;
			remoteInfo = MemeMe;
		};
		93F8C0AF1F0C9CA1002C7A90 /* PBXContainerItemProxy */ = {
			isa = PBXContainerItemProxy;
			containerPortal = 93F8C0871F0C9CA1002C7A90 /* Project object */;
			proxyType = 1;
			remoteGlobalIDString = 93F8C08E1F0C9CA1002C7A90;
			remoteInfo = MemeMe;
		};
/* End PBXContainerItemProxy section */

/* Begin PBXFileReference section */
		93384F981F285D58008A424A /* MemeDetailViewController.swift */ = {isa = PBXFileReference; fileEncoding = 4; lastKnownFileType = sourcecode.swift; path = MemeDetailViewController.swift; sourceTree = "<group>"; };
		9341242D1F1B050B00240CCC /* MemeTableViewController.swift */ = {isa = PBXFileReference; fileEncoding = 4; lastKnownFileType = sourcecode.swift; path = MemeTableViewController.swift; sourceTree = "<group>"; };
		9341242E1F1B050B00240CCC /* MemeCollectionViewController.swift */ = {isa = PBXFileReference; fileEncoding = 4; lastKnownFileType = sourcecode.swift; path = MemeCollectionViewController.swift; sourceTree = "<group>"; };
		934124311F1B055000240CCC /* Meme.swift */ = {isa = PBXFileReference; fileEncoding = 4; lastKnownFileType = sourcecode.swift; path = Meme.swift; sourceTree = "<group>"; };
		934124331F1B1F2F00240CCC /* MemeTableCell.swift */ = {isa = PBXFileReference; fileEncoding = 4; lastKnownFileType = sourcecode.swift; path = MemeTableCell.swift; sourceTree = "<group>"; };
		934124351F1DD8A300240CCC /* MemeCollectionCell.swift */ = {isa = PBXFileReference; fileEncoding = 4; lastKnownFileType = sourcecode.swift; path = MemeCollectionCell.swift; sourceTree = "<group>"; };
		93F8C08F1F0C9CA1002C7A90 /* MemeMe.app */ = {isa = PBXFileReference; explicitFileType = wrapper.application; includeInIndex = 0; path = MemeMe.app; sourceTree = BUILT_PRODUCTS_DIR; };
		93F8C0921F0C9CA1002C7A90 /* AppDelegate.swift */ = {isa = PBXFileReference; lastKnownFileType = sourcecode.swift; path = AppDelegate.swift; sourceTree = "<group>"; };
		93F8C0941F0C9CA1002C7A90 /* ViewController.swift */ = {isa = PBXFileReference; lastKnownFileType = sourcecode.swift; path = ViewController.swift; sourceTree = "<group>"; };
		93F8C0971F0C9CA1002C7A90 /* Base */ = {isa = PBXFileReference; lastKnownFileType = file.storyboard; name = Base; path = Base.lproj/Main.storyboard; sourceTree = "<group>"; };
		93F8C0991F0C9CA1002C7A90 /* Assets.xcassets */ = {isa = PBXFileReference; lastKnownFileType = folder.assetcatalog; path = Assets.xcassets; sourceTree = "<group>"; };
		93F8C09C1F0C9CA1002C7A90 /* Base */ = {isa = PBXFileReference; lastKnownFileType = file.storyboard; name = Base; path = Base.lproj/LaunchScreen.storyboard; sourceTree = "<group>"; };
		93F8C09E1F0C9CA1002C7A90 /* Info.plist */ = {isa = PBXFileReference; lastKnownFileType = text.plist.xml; path = Info.plist; sourceTree = "<group>"; };
		93F8C0A31F0C9CA1002C7A90 /* MemeMeTests.xctest */ = {isa = PBXFileReference; explicitFileType = wrapper.cfbundle; includeInIndex = 0; path = MemeMeTests.xctest; sourceTree = BUILT_PRODUCTS_DIR; };
		93F8C0A71F0C9CA1002C7A90 /* MemeMeTests.swift */ = {isa = PBXFileReference; lastKnownFileType = sourcecode.swift; path = MemeMeTests.swift; sourceTree = "<group>"; };
		93F8C0A91F0C9CA1002C7A90 /* Info.plist */ = {isa = PBXFileReference; lastKnownFileType = text.plist.xml; path = Info.plist; sourceTree = "<group>"; };
		93F8C0AE1F0C9CA1002C7A90 /* MemeMeUITests.xctest */ = {isa = PBXFileReference; explicitFileType = wrapper.cfbundle; includeInIndex = 0; path = MemeMeUITests.xctest; sourceTree = BUILT_PRODUCTS_DIR; };
		93F8C0B21F0C9CA1002C7A90 /* MemeMeUITests.swift */ = {isa = PBXFileReference; lastKnownFileType = sourcecode.swift; path = MemeMeUITests.swift; sourceTree = "<group>"; };
		93F8C0B41F0C9CA1002C7A90 /* Info.plist */ = {isa = PBXFileReference; lastKnownFileType = text.plist.xml; path = Info.plist; sourceTree = "<group>"; };
		93F8C0C31F0F6C7D002C7A90 /* Times New Roman Bold.ttf */ = {isa = PBXFileReference; lastKnownFileType = file; name = "Times New Roman Bold.ttf"; path = "../../../../../Library/Fonts/Times New Roman Bold.ttf"; sourceTree = "<group>"; };
/* End PBXFileReference section */

/* Begin PBXFrameworksBuildPhase section */
		93F8C08C1F0C9CA1002C7A90 /* Frameworks */ = {
			isa = PBXFrameworksBuildPhase;
			buildActionMask = 2147483647;
			files = (
			);
			runOnlyForDeploymentPostprocessing = 0;
		};
		93F8C0A01F0C9CA1002C7A90 /* Frameworks */ = {
			isa = PBXFrameworksBuildPhase;
			buildActionMask = 2147483647;
			files = (
			);
			runOnlyForDeploymentPostprocessing = 0;
		};
		93F8C0AB1F0C9CA1002C7A90 /* Frameworks */ = {
			isa = PBXFrameworksBuildPhase;
			buildActionMask = 2147483647;
			files = (
			);
			runOnlyForDeploymentPostprocessing = 0;
		};
/* End PBXFrameworksBuildPhase section */

/* Begin PBXGroup section */
		93F8C0861F0C9CA1002C7A90 = {
			isa = PBXGroup;
			children = (
				93F8C0911F0C9CA1002C7A90 /* MemeMe */,
				93F8C0A61F0C9CA1002C7A90 /* MemeMeTests */,
				93F8C0B11F0C9CA1002C7A90 /* MemeMeUITests */,
				93F8C0901F0C9CA1002C7A90 /* Products */,
				93F8C0C21F0F6C7D002C7A90 /* Frameworks */,
			);
			sourceTree = "<group>";
		};
		93F8C0901F0C9CA1002C7A90 /* Products */ = {
			isa = PBXGroup;
			children = (
				93F8C08F1F0C9CA1002C7A90 /* MemeMe.app */,
				93F8C0A31F0C9CA1002C7A90 /* MemeMeTests.xctest */,
				93F8C0AE1F0C9CA1002C7A90 /* MemeMeUITests.xctest */,
			);
			name = Products;
			sourceTree = "<group>";
		};
		93F8C0911F0C9CA1002C7A90 /* MemeMe */ = {
			isa = PBXGroup;
			children = (
				9341242D1F1B050B00240CCC /* MemeTableViewController.swift */,
				9341242E1F1B050B00240CCC /* MemeCollectionViewController.swift */,
				934124351F1DD8A300240CCC /* MemeCollectionCell.swift */,
				934124311F1B055000240CCC /* Meme.swift */,
				93F8C0921F0C9CA1002C7A90 /* AppDelegate.swift */,
				93F8C0941F0C9CA1002C7A90 /* ViewController.swift */,
				93F8C0961F0C9CA1002C7A90 /* Main.storyboard */,
				934124331F1B1F2F00240CCC /* MemeTableCell.swift */,
				93F8C0991F0C9CA1002C7A90 /* Assets.xcassets */,
				93F8C09B1F0C9CA1002C7A90 /* LaunchScreen.storyboard */,
				93F8C09E1F0C9CA1002C7A90 /* Info.plist */,
				93384F981F285D58008A424A /* MemeDetailViewController.swift */,
			);
			path = MemeMe;
			sourceTree = "<group>";
		};
		93F8C0A61F0C9CA1002C7A90 /* MemeMeTests */ = {
			isa = PBXGroup;
			children = (
				93F8C0A71F0C9CA1002C7A90 /* MemeMeTests.swift */,
				93F8C0A91F0C9CA1002C7A90 /* Info.plist */,
			);
			path = MemeMeTests;
			sourceTree = "<group>";
		};
		93F8C0B11F0C9CA1002C7A90 /* MemeMeUITests */ = {
			isa = PBXGroup;
			children = (
				93F8C0B21F0C9CA1002C7A90 /* MemeMeUITests.swift */,
				93F8C0B41F0C9CA1002C7A90 /* Info.plist */,
			);
			path = MemeMeUITests;
			sourceTree = "<group>";
		};
		93F8C0C21F0F6C7D002C7A90 /* Frameworks */ = {
			isa = PBXGroup;
			children = (
				93F8C0C31F0F6C7D002C7A90 /* Times New Roman Bold.ttf */,
			);
			name = Frameworks;
			sourceTree = "<group>";
		};
/* End PBXGroup section */

/* Begin PBXNativeTarget section */
		93F8C08E1F0C9CA1002C7A90 /* MemeMe */ = {
			isa = PBXNativeTarget;
			buildConfigurationList = 93F8C0B71F0C9CA1002C7A90 /* Build configuration list for PBXNativeTarget "MemeMe" */;
			buildPhases = (
				93F8C08B1F0C9CA1002C7A90 /* Sources */,
				93F8C08C1F0C9CA1002C7A90 /* Frameworks */,
				93F8C08D1F0C9CA1002C7A90 /* Resources */,
			);
			buildRules = (
			);
			dependencies = (
			);
			name = MemeMe;
			productName = MemeMe;
			productReference = 93F8C08F1F0C9CA1002C7A90 /* MemeMe.app */;
			productType = "com.apple.product-type.application";
		};
		93F8C0A21F0C9CA1002C7A90 /* MemeMeTests */ = {
			isa = PBXNativeTarget;
			buildConfigurationList = 93F8C0BA1F0C9CA1002C7A90 /* Build configuration list for PBXNativeTarget "MemeMeTests" */;
			buildPhases = (
				93F8C09F1F0C9CA1002C7A90 /* Sources */,
				93F8C0A01F0C9CA1002C7A90 /* Frameworks */,
				93F8C0A11F0C9CA1002C7A90 /* Resources */,
			);
			buildRules = (
			);
			dependencies = (
				93F8C0A51F0C9CA1002C7A90 /* PBXTargetDependency */,
			);
			name = MemeMeTests;
			productName = MemeMeTests;
			productReference = 93F8C0A31F0C9CA1002C7A90 /* MemeMeTests.xctest */;
			productType = "com.apple.product-type.bundle.unit-test";
		};
		93F8C0AD1F0C9CA1002C7A90 /* MemeMeUITests */ = {
			isa = PBXNativeTarget;
			buildConfigurationList = 93F8C0BD1F0C9CA1002C7A90 /* Build configuration list for PBXNativeTarget "MemeMeUITests" */;
			buildPhases = (
				93F8C0AA1F0C9CA1002C7A90 /* Sources */,
				93F8C0AB1F0C9CA1002C7A90 /* Frameworks */,
				93F8C0AC1F0C9CA1002C7A90 /* Resources */,
			);
			buildRules = (
			);
			dependencies = (
				93F8C0B01F0C9CA1002C7A90 /* PBXTargetDependency */,
			);
			name = MemeMeUITests;
			productName = MemeMeUITests;
			productReference = 93F8C0AE1F0C9CA1002C7A90 /* MemeMeUITests.xctest */;
			productType = "com.apple.product-type.bundle.ui-testing";
		};
/* End PBXNativeTarget section */

/* Begin PBXProject section */
		93F8C0871F0C9CA1002C7A90 /* Project object */ = {
			isa = PBXProject;
			attributes = {
				LastSwiftUpdateCheck = 0830;
				LastUpgradeCheck = 0830;
				ORGANIZATIONNAME = "jay raval";
				TargetAttributes = {
					93F8C08E1F0C9CA1002C7A90 = {
						CreatedOnToolsVersion = 8.3.3;
						DevelopmentTeam = 7PR5K9CPWS;
						ProvisioningStyle = Automatic;
					};
					93F8C0A21F0C9CA1002C7A90 = {
						CreatedOnToolsVersion = 8.3.3;
						DevelopmentTeam = 7PR5K9CPWS;
						ProvisioningStyle = Automatic;
						TestTargetID = 93F8C08E1F0C9CA1002C7A90;
					};
					93F8C0AD1F0C9CA1002C7A90 = {
						CreatedOnToolsVersion = 8.3.3;
						DevelopmentTeam = 7PR5K9CPWS;
						ProvisioningStyle = Automatic;
						TestTargetID = 93F8C08E1F0C9CA1002C7A90;
					};
				};
			};
			buildConfigurationList = 93F8C08A1F0C9CA1002C7A90 /* Build configuration list for PBXProject "MemeMe" */;
			compatibilityVersion = "Xcode 3.2";
			developmentRegion = English;
			hasScannedForEncodings = 0;
			knownRegions = (
				en,
				Base,
			);
			mainGroup = 93F8C0861F0C9CA1002C7A90;
			productRefGroup = 93F8C0901F0C9CA1002C7A90 /* Products */;
			projectDirPath = "";
			projectRoot = "";
			targets = (
				93F8C08E1F0C9CA1002C7A90 /* MemeMe */,
				93F8C0A21F0C9CA1002C7A90 /* MemeMeTests */,
				93F8C0AD1F0C9CA1002C7A90 /* MemeMeUITests */,
			);
		};
/* End PBXProject section */

/* Begin PBXResourcesBuildPhase section */
		93F8C08D1F0C9CA1002C7A90 /* Resources */ = {
			isa = PBXResourcesBuildPhase;
			buildActionMask = 2147483647;
			files = (
				93F8C09D1F0C9CA1002C7A90 /* LaunchScreen.storyboard in Resources */,
				93F8C09A1F0C9CA1002C7A90 /* Assets.xcassets in Resources */,
				93F8C0981F0C9CA1002C7A90 /* Main.storyboard in Resources */,
			);
			runOnlyForDeploymentPostprocessing = 0;
		};
		93F8C0A11F0C9CA1002C7A90 /* Resources */ = {
			isa = PBXResourcesBuildPhase;
			buildActionMask = 2147483647;
			files = (
			);
			runOnlyForDeploymentPostprocessing = 0;
		};
		93F8C0AC1F0C9CA1002C7A90 /* Resources */ = {
			isa = PBXResourcesBuildPhase;
			buildActionMask = 2147483647;
			files = (
			);
			runOnlyForDeploymentPostprocessing = 0;
		};
/* End PBXResourcesBuildPhase section */

/* Begin PBXSourcesBuildPhase section */
		93F8C08B1F0C9CA1002C7A90 /* Sources */ = {
			isa = PBXSourcesBuildPhase;
			buildActionMask = 2147483647;
			files = (
				934124301F1B050B00240CCC /* MemeCollectionViewController.swift in Sources */,
				9341242F1F1B050B00240CCC /* MemeTableViewController.swift in Sources */,
				934124341F1B1F2F00240CCC /* MemeTableCell.swift in Sources */,
				93F8C0951F0C9CA1002C7A90 /* ViewController.swift in Sources */,
				934124361F1DD8A300240CCC /* MemeCollectionCell.swift in Sources */,
				93F8C0931F0C9CA1002C7A90 /* AppDelegate.swift in Sources */,
				934124321F1B055000240CCC /* Meme.swift in Sources */,
				93384F991F285D58008A424A /* MemeDetailViewController.swift in Sources */,
			);
			runOnlyForDeploymentPostprocessing = 0;
		};
		93F8C09F1F0C9CA1002C7A90 /* Sources */ = {
			isa = PBXSourcesBuildPhase;
			buildActionMask = 2147483647;
			files = (
				93F8C0A81F0C9CA1002C7A90 /* MemeMeTests.swift in Sources */,
			);
			runOnlyForDeploymentPostprocessing = 0;
		};
		93F8C0AA1F0C9CA1002C7A90 /* Sources */ = {
			isa = PBXSourcesBuildPhase;
			buildActionMask = 2147483647;
			files = (
				93F8C0B31F0C9CA1002C7A90 /* MemeMeUITests.swift in Sources */,
			);
			runOnlyForDeploymentPostprocessing = 0;
		};
/* End PBXSourcesBuildPhase section */

/* Begin PBXTargetDependency section */
		93F8C0A51F0C9CA1002C7A90 /* PBXTargetDependency */ = {
			isa = PBXTargetDependency;
			target = 93F8C08E1F0C9CA1002C7A90 /* MemeMe */;
			targetProxy = 93F8C0A41F0C9CA1002C7A90 /* PBXContainerItemProxy */;
		};
		93F8C0B01F0C9CA1002C7A90 /* PBXTargetDependency */ = {
			isa = PBXTargetDependency;
			target = 93F8C08E1F0C9CA1002C7A90 /* MemeMe */;
			targetProxy = 93F8C0AF1F0C9CA1002C7A90 /* PBXContainerItemProxy */;
		};
/* End PBXTargetDependency section */

/* Begin PBXVariantGroup section */
		93F8C0961F0C9CA1002C7A90 /* Main.storyboard */ = {
			isa = PBXVariantGroup;
			children = (
				93F8C0971F0C9CA1002C7A90 /* Base */,
			);
			name = Main.storyboard;
			sourceTree = "<group>";
		};
		93F8C09B1F0C9CA1002C7A90 /* LaunchScreen.storyboard */ = {
			isa = PBXVariantGroup;
			children = (
				93F8C09C1F0C9CA1002C7A90 /* Base */,
			);
			name = LaunchScreen.storyboard;
			sourceTree = "<group>";
		};
/* End PBXVariantGroup section */

/* Begin XCBuildConfiguration section */
		93F8C0B51F0C9CA1002C7A90 /* Debug */ = {
			isa = XCBuildConfiguration;
			buildSettings = {
				ALWAYS_SEARCH_USER_PATHS = NO;
				CLANG_ANALYZER_NONNULL = YES;
				CLANG_ANALYZER_NUMBER_OBJECT_CONVERSION = YES_AGGRESSIVE;
				CLANG_CXX_LANGUAGE_STANDARD = "gnu++0x";
				CLANG_CXX_LIBRARY = "libc++";
				CLANG_ENABLE_MODULES = YES;
				CLANG_ENABLE_OBJC_ARC = YES;
				CLANG_WARN_BOOL_CONVERSION = YES;
				CLANG_WARN_CONSTANT_CONVERSION = YES;
				CLANG_WARN_DIRECT_OBJC_ISA_USAGE = YES_ERROR;
				CLANG_WARN_DOCUMENTATION_COMMENTS = YES;
				CLANG_WARN_EMPTY_BODY = YES;
				CLANG_WARN_ENUM_CONVERSION = YES;
				CLANG_WARN_INFINITE_RECURSION = YES;
				CLANG_WARN_INT_CONVERSION = YES;
				CLANG_WARN_OBJC_ROOT_CLASS = YES_ERROR;
				CLANG_WARN_SUSPICIOUS_MOVE = YES;
				CLANG_WARN_UNREACHABLE_CODE = YES;
				CLANG_WARN__DUPLICATE_METHOD_MATCH = YES;
				"CODE_SIGN_IDENTITY[sdk=iphoneos*]" = "iPhone Developer";
				COPY_PHASE_STRIP = NO;
				DEBUG_INFORMATION_FORMAT = dwarf;
				ENABLE_STRICT_OBJC_MSGSEND = YES;
				ENABLE_TESTABILITY = YES;
				GCC_C_LANGUAGE_STANDARD = gnu99;
				GCC_DYNAMIC_NO_PIC = NO;
				GCC_NO_COMMON_BLOCKS = YES;
				GCC_OPTIMIZATION_LEVEL = 0;
				GCC_PREPROCESSOR_DEFINITIONS = (
					"DEBUG=1",
					"$(inherited)",
				);
				GCC_WARN_64_TO_32_BIT_CONVERSION = YES;
				GCC_WARN_ABOUT_RETURN_TYPE = YES_ERROR;
				GCC_WARN_UNDECLARED_SELECTOR = YES;
				GCC_WARN_UNINITIALIZED_AUTOS = YES_AGGRESSIVE;
				GCC_WARN_UNUSED_FUNCTION = YES;
				GCC_WARN_UNUSED_VARIABLE = YES;
				IPHONEOS_DEPLOYMENT_TARGET = 10.3;
				MTL_ENABLE_DEBUG_INFO = YES;
				ONLY_ACTIVE_ARCH = YES;
				SDKROOT = iphoneos;
				SWIFT_ACTIVE_COMPILATION_CONDITIONS = DEBUG;
				SWIFT_OPTIMIZATION_LEVEL = "-Onone";
			};
			name = Debug;
		};
		93F8C0B61F0C9CA1002C7A90 /* Release */ = {
			isa = XCBuildConfiguration;
			buildSettings = {
				ALWAYS_SEARCH_USER_PATHS = NO;
				CLANG_ANALYZER_NONNULL = YES;
				CLANG_ANALYZER_NUMBER_OBJECT_CONVERSION = YES_AGGRESSIVE;
				CLANG_CXX_LANGUAGE_STANDARD = "gnu++0x";
				CLANG_CXX_LIBRARY = "libc++";
				CLANG_ENABLE_MODULES = YES;
				CLANG_ENABLE_OBJC_ARC = YES;
				CLANG_WARN_BOOL_CONVERSION = YES;
				CLANG_WARN_CONSTANT_CONVERSION = YES;
				CLANG_WARN_DIRECT_OBJC_ISA_USAGE = YES_ERROR;
				CLANG_WARN_DOCUMENTATION_COMMENTS = YES;
				CLANG_WARN_EMPTY_BODY = YES;
				CLANG_WARN_ENUM_CONVERSION = YES;
				CLANG_WARN_INFINITE_RECURSION = YES;
				CLANG_WARN_INT_CONVERSION = YES;
				CLANG_WARN_OBJC_ROOT_CLASS = YES_ERROR;
				CLANG_WARN_SUSPICIOUS_MOVE = YES;
				CLANG_WARN_UNREACHABLE_CODE = YES;
				CLANG_WARN__DUPLICATE_METHOD_MATCH = YES;
				"CODE_SIGN_IDENTITY[sdk=iphoneos*]" = "iPhone Developer";
				COPY_PHASE_STRIP = NO;
				DEBUG_INFORMATION_FORMAT = "dwarf-with-dsym";
				ENABLE_NS_ASSERTIONS = NO;
				ENABLE_STRICT_OBJC_MSGSEND = YES;
				GCC_C_LANGUAGE_STANDARD = gnu99;
				GCC_NO_COMMON_BLOCKS = YES;
				GCC_WARN_64_TO_32_BIT_CONVERSION = YES;
				GCC_WARN_ABOUT_RETURN_TYPE = YES_ERROR;
				GCC_WARN_UNDECLARED_SELECTOR = YES;
				GCC_WARN_UNINITIALIZED_AUTOS = YES_AGGRESSIVE;
				GCC_WARN_UNUSED_FUNCTION = YES;
				GCC_WARN_UNUSED_VARIABLE = YES;
				IPHONEOS_DEPLOYMENT_TARGET = 10.3;
				MTL_ENABLE_DEBUG_INFO = NO;
				SDKROOT = iphoneos;
				SWIFT_OPTIMIZATION_LEVEL = "-Owholemodule";
				VALIDATE_PRODUCT = YES;
			};
			name = Release;
		};
		93F8C0B81F0C9CA1002C7A90 /* Debug */ = {
			isa = XCBuildConfiguration;
			buildSettings = {
				ASSETCATALOG_COMPILER_APPICON_NAME = AppIcon;
				DEVELOPMENT_TEAM = 7PR5K9CPWS;
				INFOPLIST_FILE = MemeMe/Info.plist;
				LD_RUNPATH_SEARCH_PATHS = "$(inherited) @executable_path/Frameworks";
				PRODUCT_BUNDLE_IDENTIFIER = Udacity.MemeMeJay;
				PRODUCT_NAME = "$(TARGET_NAME)";
				SWIFT_VERSION = 3.0;
			};
			name = Debug;
		};
		93F8C0B91F0C9CA1002C7A90 /* Release */ = {
			isa = XCBuildConfiguration;
			buildSettings = {
				ASSETCATALOG_COMPILER_APPICON_NAME = AppIcon;
				DEVELOPMENT_TEAM = 7PR5K9CPWS;
				INFOPLIST_FILE = MemeMe/Info.plist;
				LD_RUNPATH_SEARCH_PATHS = "$(inherited) @executable_path/Frameworks";
				PRODUCT_BUNDLE_IDENTIFIER = Udacity.MemeMeJay;
				PRODUCT_NAME = "$(TARGET_NAME)";
				SWIFT_VERSION = 3.0;
			};
			name = Release;
		};
		93F8C0BB1F0C9CA1002C7A90 /* Debug */ = {
			isa = XCBuildConfiguration;
			buildSettings = {
				ALWAYS_EMBED_SWIFT_STANDARD_LIBRARIES = YES;
				BUNDLE_LOADER = "$(TEST_HOST)";
				DEVELOPMENT_TEAM = 7PR5K9CPWS;
				INFOPLIST_FILE = MemeMeTests/Info.plist;
				LD_RUNPATH_SEARCH_PATHS = "$(inherited) @executable_path/Frameworks @loader_path/Frameworks";
				PRODUCT_BUNDLE_IDENTIFIER = Udacity.MemeMeTests;
				PRODUCT_NAME = "$(TARGET_NAME)";
				SWIFT_VERSION = 3.0;
				TEST_HOST = "$(BUILT_PRODUCTS_DIR)/MemeMe.app/MemeMe";
			};
			name = Debug;
		};
		93F8C0BC1F0C9CA1002C7A90 /* Release */ = {
			isa = XCBuildConfiguration;
			buildSettings = {
				ALWAYS_EMBED_SWIFT_STANDARD_LIBRARIES = YES;
				BUNDLE_LOADER = "$(TEST_HOST)";
				DEVELOPMENT_TEAM = 7PR5K9CPWS;
				INFOPLIST_FILE = MemeMeTests/Info.plist;
				LD_RUNPATH_SEARCH_PATHS = "$(inherited) @executable_path/Frameworks @loader_path/Frameworks";
				PRODUCT_BUNDLE_IDENTIFIER = Udacity.MemeMeTests;
				PRODUCT_NAME = "$(TARGET_NAME)";
				SWIFT_VERSION = 3.0;
				TEST_HOST = "$(BUILT_PRODUCTS_DIR)/MemeMe.app/MemeMe";
			};
			name = Release;
		};
		93F8C0BE1F0C9CA1002C7A90 /* Debug */ = {
			isa = XCBuildConfiguration;
			buildSettings = {
				ALWAYS_EMBED_SWIFT_STANDARD_LIBRARIES = YES;
				DEVELOPMENT_TEAM = 7PR5K9CPWS;
				INFOPLIST_FILE = MemeMeUITests/Info.plist;
				LD_RUNPATH_SEARCH_PATHS = "$(inherited) @executable_path/Frameworks @loader_path/Frameworks";
				PRODUCT_BUNDLE_IDENTIFIER = Udacity.MemeMeUITests;
				PRODUCT_NAME = "$(TARGET_NAME)";
				SWIFT_VERSION = 3.0;
				TEST_TARGET_NAME = MemeMe;
			};
			name = Debug;
		};
		93F8C0BF1F0C9CA1002C7A90 /* Release */ = {
			isa = XCBuildConfiguration;
			buildSettings = {
				ALWAYS_EMBED_SWIFT_STANDARD_LIBRARIES = YES;
				DEVELOPMENT_TEAM = 7PR5K9CPWS;
				INFOPLIST_FILE = MemeMeUITests/Info.plist;
				LD_RUNPATH_SEARCH_PATHS = "$(inherited) @executable_path/Frameworks @loader_path/Frameworks";
				PRODUCT_BUNDLE_IDENTIFIER = Udacity.MemeMeUITests;
				PRODUCT_NAME = "$(TARGET_NAME)";
				SWIFT_VERSION = 3.0;
				TEST_TARGET_NAME = MemeMe;
			};
			name = Release;
		};
/* End XCBuildConfiguration section */

/* Begin XCConfigurationList section */
		93F8C08A1F0C9CA1002C7A90 /* Build configuration list for PBXProject "MemeMe" */ = {
			isa = XCConfigurationList;
			buildConfigurations = (
				93F8C0B51F0C9CA1002C7A90 /* Debug */,
				93F8C0B61F0C9CA1002C7A90 /* Release */,
			);
			defaultConfigurationIsVisible = 0;
			defaultConfigurationName = Release;
		};
		93F8C0B71F0C9CA1002C7A90 /* Build configuration list for PBXNativeTarget "MemeMe" */ = {
			isa = XCConfigurationList;
			buildConfigurations = (
				93F8C0B81F0C9CA1002C7A90 /* Debug */,
				93F8C0B91F0C9CA1002C7A90 /* Release */,
			);
			defaultConfigurationIsVisible = 0;
			defaultConfigurationName = Release;
		};
		93F8C0BA1F0C9CA1002C7A90 /* Build configuration list for PBXNativeTarget "MemeMeTests" */ = {
			isa = XCConfigurationList;
			buildConfigurations = (
				93F8C0BB1F0C9CA1002C7A90 /* Debug */,
				93F8C0BC1F0C9CA1002C7A90 /* Release */,
			);
			defaultConfigurationIsVisible = 0;
			defaultConfigurationName = Release;
		};
		93F8C0BD1F0C9CA1002C7A90 /* Build configuration list for PBXNativeTarget "MemeMeUITests" */ = {
			isa = XCConfigurationList;
			buildConfigurations = (
				93F8C0BE1F0C9CA1002C7A90 /* Debug */,
				93F8C0BF1F0C9CA1002C7A90 /* Release */,
			);
			defaultConfigurationIsVisible = 0;
			defaultConfigurationName = Release;
		};
/* End XCConfigurationList section */
	};
	rootObject = 93F8C0871F0C9CA1002C7A90 /* Project object */;
}
